
Microsoft Visual Studio Solution File, Format Version 12.00
# Visual Studio Version 16
VisualStudioVersion = 16.0.31515.178
MinimumVisualStudioVersion = 10.0.40219.1
Project("{FAE04EC0-301F-11D3-BF4B-00C04F79EFBC}") = "Caesar.Console", "Caesar.Console\Caesar.Console.csproj", "{F14F4580-CC00-4B06-BF21-A88B066BB521}"
EndProject
Global
	GlobalSection(SolutionConfigurationPlatforms) = preSolution
		Debug|Any CPU = Debug|Any CPU
		Release|Any CPU = Release|Any CPU
	EndGlobalSection
	GlobalSection(ProjectConfigurationPlatforms) = postSolution
		{F14F4580-CC00-4B06-BF21-A88B066BB521}.Debug|Any CPU.ActiveCfg = Debug|Any CPU
		{F14F4580-CC00-4B06-BF21-A88B066BB521}.Debug|Any CPU.Build.0 = Debug|Any CPU
		{F14F4580-CC00-4B06-BF21-A88B066BB521}.Release|Any CPU.ActiveCfg = Release|Any CPU
		{F14F4580-CC00-4B06-BF21-A88B066BB521}.Release|Any CPU.Build.0 = Release|Any CPU
	EndGlobalSection
	GlobalSection(SolutionProperties) = preSolution
		HideSolutionNode = FALSE
	EndGlobalSection
	GlobalSection(ExtensibilityGlobals) = postSolution
		SolutionGuid = {17AE8814-828C-4A8F-A9D2-CEB186216DBA}
	EndGlobalSection
EndGlobal
